
Microsoft Visual Studio Solution File, Format Version 12.00
# Visual Studio Version 17
VisualStudioVersion = 17.11.35327.3
MinimumVisualStudioVersion = 10.0.40219.1
Project("{FAE04EC0-301F-11D3-BF4B-00C04F79EFBC}") = "Ristinolla", "Ristinolla\Ristinolla.csproj", "{6DE427E5-F74E-4EB2-9AF3-7E23E98ABB34}"
EndProject
Global
	GlobalSection(SolutionConfigurationPlatforms) = preSolution
		Debug|Any CPU = Debug|Any CPU
		Release|Any CPU = Release|Any CPU
	EndGlobalSection
	GlobalSection(ProjectConfigurationPlatforms) = postSolution
		{6DE427E5-F74E-4EB2-9AF3-7E23E98ABB34}.Debug|Any CPU.ActiveCfg = Debug|Any CPU
		{6DE427E5-F74E-4EB2-9AF3-7E23E98ABB34}.Debug|Any CPU.Build.0 = Debug|Any CPU
		{6DE427E5-F74E-4EB2-9AF3-7E23E98ABB34}.Debug|Any CPU.Deploy.0 = Debug|Any CPU
		{6DE427E5-F74E-4EB2-9AF3-7E23E98ABB34}.Release|Any CPU.ActiveCfg = Release|Any CPU
		{6DE427E5-F74E-4EB2-9AF3-7E23E98ABB34}.Release|Any CPU.Build.0 = Release|Any CPU
		{6DE427E5-F74E-4EB2-9AF3-7E23E98ABB34}.Release|Any CPU.Deploy.0 = Release|Any CPU
	EndGlobalSection
	GlobalSection(SolutionProperties) = preSolution
		HideSolutionNode = FALSE
	EndGlobalSection
	GlobalSection(ExtensibilityGlobals) = postSolution
		SolutionGuid = {27BAC75F-4886-4776-8D3A-AD7F3A292C53}
	EndGlobalSection
EndGlobal
